
Microsoft Visual Studio Solution File, Format Version 12.00
# Visual Studio Version 17
VisualStudioVersion = 17.14.36623.8 d17.14
MinimumVisualStudioVersion = 10.0.40219.1
Project("{6870E480-7721-4708-BFB8-9AE898AA21B3}") = "Scribus-2", "Scribus-2\Scribus-2.smproj", "{75E5C455-AB1B-4DEB-BEBA-8CD9A266F81E}"
EndProject
Global
	GlobalSection(SolutionConfigurationPlatforms) = preSolution
		Development|x86 = Development|x86
	EndGlobalSection
	GlobalSection(ProjectConfigurationPlatforms) = postSolution
		{75E5C455-AB1B-4DEB-BEBA-8CD9A266F81E}.Development|x86.ActiveCfg = Development|x86
		{75E5C455-AB1B-4DEB-BEBA-8CD9A266F81E}.Development|x86.Build.0 = Development|x86
		{75E5C455-AB1B-4DEB-BEBA-8CD9A266F81E}.Development|x86.Deploy.0 = Development|x86
	EndGlobalSection
	GlobalSection(SolutionProperties) = preSolution
		HideSolutionNode = FALSE
	EndGlobalSection
	GlobalSection(ExtensibilityGlobals) = postSolution
		SolutionGuid = {4A3AB8D6-2D78-4212-AC6F-7CEF2A64071D}
	EndGlobalSection
EndGlobal
